Microsoft Visual Studio Solution File, Format Version 12.00
# Visual Studio Version 17
VisualStudioVersion = 17.5.2.0
MinimumVisualStudioVersion = 10.0.40219.1
Project("{FAE04EC0-301F-11D3-BF4B-00C04F79EFBC}") = "Luxcinder", "Luxcinder.csproj", "{DCAB68DB-E03D-66E9-3313-65B846BF1730}"
EndProject
Global
	GlobalSection(SolutionConfigurationPlatforms) = preSolution
		Debug|Any CPU = Debug|Any CPU
		Release|Any CPU = Release|Any CPU
	EndGlobalSection
	GlobalSection(ProjectConfigurationPlatforms) = postSolution
		{DCAB68DB-E03D-66E9-3313-65B846BF1730}.Debug|Any CPU.ActiveCfg = Debug|Any CPU
		{DCAB68DB-E03D-66E9-3313-65B846BF1730}.Debug|Any CPU.Build.0 = Debug|Any CPU
		{DCAB68DB-E03D-66E9-3313-65B846BF1730}.Release|Any CPU.ActiveCfg = Release|Any CPU
		{DCAB68DB-E03D-66E9-3313-65B846BF1730}.Release|Any CPU.Build.0 = Release|Any CPU
	EndGlobalSection
	GlobalSection(SolutionProperties) = preSolution
		HideSolutionNode = FALSE
	EndGlobalSection
	GlobalSection(ExtensibilityGlobals) = postSolution
		SolutionGuid = {2480611B-2339-4911-BF1A-4FF5EFA89095}
	EndGlobalSection
EndGlobal
